
Microsoft Visual Studio Solution File, Format Version 12.00
# Visual Studio Version 17
VisualStudioVersion = 17.9.34728.123
MinimumVisualStudioVersion = 10.0.40219.1
Project("{FAE04EC0-301F-11D3-BF4B-00C04F79EFBC}") = "hExternal", "hExternal\hExternal.csproj", "{2BE32FC4-3044-4E5D-BFBC-841EFD9EA3A0}"
EndProject
Global
	GlobalSection(SolutionConfigurationPlatforms) = preSolution
		Debug|Any CPU = Debug|Any CPU
		Release|Any CPU = Release|Any CPU
	EndGlobalSection
	GlobalSection(ProjectConfigurationPlatforms) = postSolution
		{2BE32FC4-3044-4E5D-BFBC-841EFD9EA3A0}.Debug|Any CPU.ActiveCfg = Debug|Any CPU
		{2BE32FC4-3044-4E5D-BFBC-841EFD9EA3A0}.Debug|Any CPU.Build.0 = Debug|Any CPU
		{2BE32FC4-3044-4E5D-BFBC-841EFD9EA3A0}.Release|Any CPU.ActiveCfg = Release|Any CPU
		{2BE32FC4-3044-4E5D-BFBC-841EFD9EA3A0}.Release|Any CPU.Build.0 = Release|Any CPU
	EndGlobalSection
	GlobalSection(SolutionProperties) = preSolution
		HideSolutionNode = FALSE
	EndGlobalSection
	GlobalSection(ExtensibilityGlobals) = postSolution
		SolutionGuid = {C1C328B6-7BAD-4C37-9FAF-36C684AA6C4B}
	EndGlobalSection
EndGlobal
